
Microsoft Visual Studio Solution File, Format Version 12.00
# Visual Studio Version 17
VisualStudioVersion = 17.3.32922.545
MinimumVisualStudioVersion = 10.0.40219.1
Project("{8BC9CEB8-8B4A-11D0-8D11-00A0C91BC942}") = "CS480 - Final Project", "CS480 - Final Project\CS480 - Final Project.vcxproj", "{E6E057A6-8C34-466A-A2DD-E540C9BB8749}"
EndProject
Global
	GlobalSection(SolutionConfigurationPlatforms) = preSolution
		Debug|x64 = Debug|x64
		Debug|x86 = Debug|x86
		Release|x64 = Release|x64
		Release|x86 = Release|x86
	EndGlobalSection
	GlobalSection(ProjectConfigurationPlatforms) = postSolution
		{E6E057A6-8C34-466A-A2DD-E540C9BB8749}.Debug|x64.ActiveCfg = Debug|x64
		{E6E057A6-8C34-466A-A2DD-E540C9BB8749}.Debug|x64.Build.0 = Debug|x64
		{E6E057A6-8C34-466A-A2DD-E540C9BB8749}.Debug|x86.ActiveCfg = Debug|Win32
		{E6E057A6-8C34-466A-A2DD-E540C9BB8749}.Debug|x86.Build.0 = Debug|Win32
		{E6E057A6-8C34-466A-A2DD-E540C9BB8749}.Release|x64.ActiveCfg = Release|x64
		{E6E057A6-8C34-466A-A2DD-E540C9BB8749}.Release|x64.Build.0 = Release|x64
		{E6E057A6-8C34-466A-A2DD-E540C9BB8749}.Release|x86.ActiveCfg = Release|Win32
		{E6E057A6-8C34-466A-A2DD-E540C9BB8749}.Release|x86.Build.0 = Release|Win32
	EndGlobalSection
	GlobalSection(SolutionProperties) = preSolution
		HideSolutionNode = FALSE
	EndGlobalSection
	GlobalSection(ExtensibilityGlobals) = postSolution
		SolutionGuid = {BA058114-136C-4AFE-959F-E6CCF1BEDF3C}
	EndGlobalSection
EndGlobal
